
Microsoft Visual Studio Solution File, Format Version 12.00
# Visual Studio 15
VisualStudioVersion = 15.0.28010.2046
MinimumVisualStudioVersion = 10.0.40219.1
Project("{FAE04EC0-301F-11D3-BF4B-00C04F79EFBC}") = "oussama", "oussama\oussama.csproj", "{59084D77-10D8-4842-A2E0-AADE7A9ADC5C}"
EndProject
Global
	GlobalSection(SolutionConfigurationPlatforms) = preSolution
		Debug|Any CPU = Debug|Any CPU
		Release|Any CPU = Release|Any CPU
	EndGlobalSection
	GlobalSection(ProjectConfigurationPlatforms) = postSolution
		{59084D77-10D8-4842-A2E0-AADE7A9ADC5C}.Debug|Any CPU.ActiveCfg = Debug|Any CPU
		{59084D77-10D8-4842-A2E0-AADE7A9ADC5C}.Debug|Any CPU.Build.0 = Debug|Any CPU
		{59084D77-10D8-4842-A2E0-AADE7A9ADC5C}.Release|Any CPU.ActiveCfg = Release|Any CPU
		{59084D77-10D8-4842-A2E0-AADE7A9ADC5C}.Release|Any CPU.Build.0 = Release|Any CPU
	EndGlobalSection
	GlobalSection(SolutionProperties) = preSolution
		HideSolutionNode = FALSE
	EndGlobalSection
	GlobalSection(ExtensibilityGlobals) = postSolution
		SolutionGuid = {CB285F4F-3A5A-49E5-98F6-F55B35B863A7}
	EndGlobalSection
EndGlobal
